speakeasyVersion: 1.431.0
sources:
    openapi-with-code-samples:
        sourceNamespace: openapi-with-code-samples
        sourceRevisionDigest: sha256:8c404a4a60abbd764a5c59fac3e307aa6e8c0c27d5e0cd0e0795932c8149a100
        sourceBlobDigest: sha256:82a68d266a6cda99452c4b7987682067be1333cd6e89f910701ee93f9fac0873
        tags:
            - latest
            - main
targets: {}
workflow:
    workflowVersion: 1.0.0
    speakeasyVersion: latest
    sources:
        openapi-with-code-samples:
            inputs:
                - location: registry.speakeasyapi.dev/novu/novu/json-development:main
            overlays:
                - location: registry.speakeasyapi.dev/novu/novu/code-samples-typescript:main
            output: ./openapi.json
            registry:
                location: registry.speakeasyapi.dev/novu/novu/openapi-with-code-samples
    targets: {}
